{
  "name": "lambda",
  "lockfileVersion": 2,
  "requires": true,
  "packages": {
    "": {
      "dependencies": {
        "aws-cloudformation-custom-resource": "^3.1.1",
        "node-forge": "1.3.1"
      }
    },
    "node_modules/aws-cloudformation-custom-resource": {
      "version": "3.1.1",
      "resolved": "https://registry.npmjs.org/aws-cloudformation-custom-resource/-/aws-cloudformation-custom-resource-3.1.1.tgz",
      "integrity": "sha512-ysC0BX44pye1pNWKGGqci0+urUZ1MwyhzY76QA2M36pAs4AZb99cKv9eHKIwSEhyB/k8JuzHv45C32RalkfYNQ=="
    },
    "node_modules/node-forge": {
      "version": "1.3.1",
      "resolved": "https://registry.npmjs.org/node-forge/-/node-forge-1.3.1.tgz",
      "integrity": "sha512-dPEtOeMvF9VMcYV/1Wb8CPoVAXtp6MKMlcbAt4ddqmGqUJ6fQZFXkNZNkNlfevtNkGtaSoXf/vNNNSvgrdXwtA==",
      "engines": {
        "node": ">= 6.13.0"
      }
    }
  },
  "dependencies": {
    "aws-cloudformation-custom-resource": {
      "version": "3.1.1",
      "resolved": "https://registry.npmjs.org/aws-cloudformation-custom-resource/-/aws-cloudformation-custom-resource-3.1.1.tgz",
      "integrity": "sha512-ysC0BX44pye1pNWKGGqci0+urUZ1MwyhzY76QA2M36pAs4AZb99cKv9eHKIwSEhyB/k8JuzHv45C32RalkfYNQ=="
    },
    "node-forge": {
      "version": "1.3.1",
      "resolved": "https://registry.npmjs.org/node-forge/-/node-forge-1.3.1.tgz",
      "integrity": "sha512-dPEtOeMvF9VMcYV/1Wb8CPoVAXtp6MKMlcbAt4ddqmGqUJ6fQZFXkNZNkNlfevtNkGtaSoXf/vNNNSvgrdXwtA=="
    }
  }
}
